
Microsoft Visual Studio Solution File, Format Version 12.00
# Visual Studio Version 17
VisualStudioVersion = 17.11.35312.102
MinimumVisualStudioVersion = 10.0.40219.1
Project("{FAE04EC0-301F-11D3-BF4B-00C04F79EFBC}") = "SmartHome-Backend", "SmartHome-Backend.csproj", "{1DB3966F-5B99-441F-94FA-45774C9E546D}"
EndProject
Global
	GlobalSection(SolutionConfigurationPlatforms) = preSolution
		Debug|Any CPU = Debug|Any CPU
		Release|Any CPU = Release|Any CPU
	EndGlobalSection
	GlobalSection(ProjectConfigurationPlatforms) = postSolution
		{1DB3966F-5B99-441F-94FA-45774C9E546D}.Debug|Any CPU.ActiveCfg = Debug|Any CPU
		{1DB3966F-5B99-441F-94FA-45774C9E546D}.Debug|Any CPU.Build.0 = Debug|Any CPU
		{1DB3966F-5B99-441F-94FA-45774C9E546D}.Release|Any CPU.ActiveCfg = Release|Any CPU
		{1DB3966F-5B99-441F-94FA-45774C9E546D}.Release|Any CPU.Build.0 = Release|Any CPU
	EndGlobalSection
	GlobalSection(SolutionProperties) = preSolution
		HideSolutionNode = FALSE
	EndGlobalSection
	GlobalSection(ExtensibilityGlobals) = postSolution
		SolutionGuid = {6EFEF1BE-FA12-4F3D-8AA9-BFC715257519}
	EndGlobalSection
EndGlobal
